// !$*UTF8*$!
{
	archiveVersion = 1;
	classes = {
	};
	objectVersion = 56;
	objects = {

/* Begin PBXBuildFile section */
		CE0CA01A2C6E2D31002227A3 /* AppDelegate.swift in Sources */ = {isa = PBXBuildFile; fileRef = CE0CA0192C6E2D31002227A3 /* AppDelegate.swift */; };
		CE0CA01C2C6E2D31002227A3 /* SceneDelegate.swift in Sources */ = {isa = PBXBuildFile; fileRef = CE0CA01B2C6E2D31002227A3 /* SceneDelegate.swift */; };
		CE0CA01E2C6E2D31002227A3 /* ReminderListViewController.swift in Sources */ = {isa = PBXBuildFile; fileRef = CE0CA01D2C6E2D31002227A3 /* ReminderListViewController.swift */; };
		CE0CA0212C6E2D31002227A3 /* Base in Resources */ = {isa = PBXBuildFile; fileRef = CE0CA0202C6E2D31002227A3 /* Base */; };
		CE0CA0232C6E2D31002227A3 /* Assets.xcassets in Resources */ = {isa = PBXBuildFile; fileRef = CE0CA0222C6E2D31002227A3 /* Assets.xcassets */; };
		CE0CA0262C6E2D31002227A3 /* Base in Resources */ = {isa = PBXBuildFile; fileRef = CE0CA0252C6E2D31002227A3 /* Base */; };
		CE0CA0312C6E2FF0002227A3 /* Reminder.swift in Sources */ = {isa = PBXBuildFile; fileRef = CE0CA0302C6E2FF0002227A3 /* Reminder.swift */; };
		CE0CA0342C6E510D002227A3 /* Main.storyboard in Resources */ = {isa = PBXBuildFile; fileRef = CE0CA01F2C6E2D31002227A3 /* Main.storyboard */; };
		CE7323A12C80C19F00D55951 /* DateToday.swift in Sources */ = {isa = PBXBuildFile; fileRef = CE7323A02C80C19F00D55951 /* DateToday.swift */; };
		CE7323A52C80CA6200D55951 /* ReminderListViewControllerDataSource.swift in Sources */ = {isa = PBXBuildFile; fileRef = CE7323A42C80CA6200D55951 /* ReminderListViewControllerDataSource.swift */; };
		CEC8DC9D2C8751E3008BF694 /* ReminderViewController.swift in Sources */ = {isa = PBXBuildFile; fileRef = CEC8DC9C2C8751E3008BF694 /* ReminderViewController.swift */; };
		CEF017EB2C84B82800E7A7D9 /* ReminderDoneButton.swift in Sources */ = {isa = PBXBuildFile; fileRef = CEF017EA2C84B82800E7A7D9 /* ReminderDoneButton.swift */; };
		CEF017EE2C84B96100E7A7D9 /* ReminderListViewControllerActions.swift in Sources */ = {isa = PBXBuildFile; fileRef = CEF017ED2C84B96100E7A7D9 /* ReminderListViewControllerActions.swift */; };
/* End PBXBuildFile section */

/* Begin PBXFileReference section */
		CE0CA0162C6E2D31002227A3 /* Today.app */ = {isa = PBXFileReference; explicitFileType = wrapper.application; includeInIndex = 0; path = Today.app; sourceTree = BUILT_PRODUCTS_DIR; };
		CE0CA0192C6E2D31002227A3 /* AppDelegate.swift */ = {isa = PBXFileReference; lastKnownFileType = sourcecode.swift; path = AppDelegate.swift; sourceTree = "<group>"; };
		CE0CA01B2C6E2D31002227A3 /* SceneDelegate.swift */ = {isa = PBXFileReference; lastKnownFileType = sourcecode.swift; path = SceneDelegate.swift; sourceTree = "<group>"; };
		CE0CA01D2C6E2D31002227A3 /* ReminderListViewController.swift */ = {isa = PBXFileReference; lastKnownFileType = sourcecode.swift; path = ReminderListViewController.swift; sourceTree = "<group>"; };
		CE0CA0202C6E2D31002227A3 /* Base */ = {isa = PBXFileReference; lastKnownFileType = file.storyboard; name = Base; path = Base.lproj/Main.storyboard; sourceTree = "<group>"; };
		CE0CA0222C6E2D31002227A3 /* Assets.xcassets */ = {isa = PBXFileReference; lastKnownFileType = folder.assetcatalog; path = Assets.xcassets; sourceTree = "<group>"; };
		CE0CA0252C6E2D31002227A3 /* Base */ = {isa = PBXFileReference; lastKnownFileType = file.storyboard; name = Base; path = Base.lproj/LaunchScreen.storyboard; sourceTree = "<group>"; };
		CE0CA0272C6E2D31002227A3 /* Info.plist */ = {isa = PBXFileReference; lastKnownFileType = text.plist.xml; path = Info.plist; sourceTree = "<group>"; };
		CE0CA0302C6E2FF0002227A3 /* Reminder.swift */ = {isa = PBXFileReference; lastKnownFileType = sourcecode.swift; path = Reminder.swift; sourceTree = "<group>"; };
		CE7323A02C80C19F00D55951 /* DateToday.swift */ = {isa = PBXFileReference; lastKnownFileType = sourcecode.swift; path = DateToday.swift; sourceTree = "<group>"; };
		CE7323A42C80CA6200D55951 /* ReminderListViewControllerDataSource.swift */ = {isa = PBXFileReference; lastKnownFileType = sourcecode.swift; path = ReminderListViewControllerDataSource.swift; sourceTree = "<group>"; };
		CEC8DC9C2C8751E3008BF694 /* ReminderViewController.swift */ = {isa = PBXFileReference; lastKnownFileType = sourcecode.swift; path = ReminderViewController.swift; sourceTree = "<group>"; };
		CEF017EA2C84B82800E7A7D9 /* ReminderDoneButton.swift */ = {isa = PBXFileReference; lastKnownFileType = sourcecode.swift; path = ReminderDoneButton.swift; sourceTree = "<group>"; };
		CEF017ED2C84B96100E7A7D9 /* ReminderListViewControllerActions.swift */ = {isa = PBXFileReference; lastKnownFileType = sourcecode.swift; path = ReminderListViewControllerActions.swift; sourceTree = "<group>"; };
/* End PBXFileReference section */

/* Begin PBXFrameworksBuildPhase section */
		CE0CA0132C6E2D31002227A3 /* Frameworks */ = {
			isa = PBXFrameworksBuildPhase;
			buildActionMask = 2147483647;
			files = (
			);
			runOnlyForDeploymentPostprocessing = 0;
		};
/* End PBXFrameworksBuildPhase section */

/* Begin PBXGroup section */
		CE0CA00D2C6E2D31002227A3 = {
			isa = PBXGroup;
			children = (
				CE0CA0182C6E2D31002227A3 /* Today */,
				CE0CA0172C6E2D31002227A3 /* Products */,
			);
			sourceTree = "<group>";
		};
		CE0CA0172C6E2D31002227A3 /* Products */ = {
			isa = PBXGroup;
			children = (
				CE0CA0162C6E2D31002227A3 /* Today.app */,
			);
			name = Products;
			sourceTree = "<group>";
		};
		CE0CA0182C6E2D31002227A3 /* Today */ = {
			isa = PBXGroup;
			children = (
				CE0CA02D2C6E2F1B002227A3 /* Models */,
				CE0CA0192C6E2D31002227A3 /* AppDelegate.swift */,
				CE0CA01B2C6E2D31002227A3 /* SceneDelegate.swift */,
				CE7323A32C80C91E00D55951 /* ListViewController */,
				CE0CA01F2C6E2D31002227A3 /* Main.storyboard */,
				CE0CA0222C6E2D31002227A3 /* Assets.xcassets */,
				CE0CA0242C6E2D31002227A3 /* LaunchScreen.storyboard */,
				CE0CA0272C6E2D31002227A3 /* Info.plist */,
				CEC8DC9C2C8751E3008BF694 /* ReminderViewController.swift */,
			);
			path = Today;
			sourceTree = "<group>";
		};
		CE0CA02D2C6E2F1B002227A3 /* Models */ = {
			isa = PBXGroup;
			children = (
				CE0CA0302C6E2FF0002227A3 /* Reminder.swift */,
				CE7323A02C80C19F00D55951 /* DateToday.swift */,
			);
			path = Models;
			sourceTree = "<group>";
		};
		CE7323A32C80C91E00D55951 /* ListViewController */ = {
			isa = PBXGroup;
			children = (
				CE0CA01D2C6E2D31002227A3 /* ReminderListViewController.swift */,
				CE7323A42C80CA6200D55951 /* ReminderListViewControllerDataSource.swift */,
				CEF017EA2C84B82800E7A7D9 /* ReminderDoneButton.swift */,
				CEF017ED2C84B96100E7A7D9 /* ReminderListViewControllerActions.swift */,
			);
			path = ListViewController;
			sourceTree = "<group>";
		};
/* End PBXGroup section */

/* Begin PBXNativeTarget section */
		CE0CA0152C6E2D31002227A3 /* Today */ = {
			isa = PBXNativeTarget;
			buildConfigurationList = CE0CA02A2C6E2D31002227A3 /* Build configuration list for PBXNativeTarget "Today" */;
			buildPhases = (
				CE0CA0122C6E2D31002227A3 /* Sources */,
				CE0CA0132C6E2D31002227A3 /* Frameworks */,
				CE0CA0142C6E2D31002227A3 /* Resources */,
			);
			buildRules = (
			);
			dependencies = (
			);
			name = Today;
			productName = Today;
			productReference = CE0CA0162C6E2D31002227A3 /* Today.app */;
			productType = "com.apple.product-type.application";
		};
/* End PBXNativeTarget section */

/* Begin PBXProject section */
		CE0CA00E2C6E2D31002227A3 /* Project object */ = {
			isa = PBXProject;
			attributes = {
				BuildIndependentTargetsInParallel = 1;
				LastSwiftUpdateCheck = 1540;
				LastUpgradeCheck = 1540;
				TargetAttributes = {
					CE0CA0152C6E2D31002227A3 = {
						CreatedOnToolsVersion = 15.4;
					};
				};
			};
			buildConfigurationList = CE0CA0112C6E2D31002227A3 /* Build configuration list for PBXProject "Today" */;
			compatibilityVersion = "Xcode 14.0";
			developmentRegion = en;
			hasScannedForEncodings = 0;
			knownRegions = (
				en,
				Base,
			);
			mainGroup = CE0CA00D2C6E2D31002227A3;
			productRefGroup = CE0CA0172C6E2D31002227A3 /* Products */;
			projectDirPath = "";
			projectRoot = "";
			targets = (
				CE0CA0152C6E2D31002227A3 /* Today */,
			);
		};
/* End PBXProject section */

/* Begin PBXResourcesBuildPhase section */
		CE0CA0142C6E2D31002227A3 /* Resources */ = {
			isa = PBXResourcesBuildPhase;
			buildActionMask = 2147483647;
			files = (
				CE0CA0232C6E2D31002227A3 /* Assets.xcassets in Resources */,
				CE0CA0262C6E2D31002227A3 /* Base in Resources */,
				CE0CA0212C6E2D31002227A3 /* Base in Resources */,
				CE0CA0342C6E510D002227A3 /* Main.storyboard in Resources */,
			);
			runOnlyForDeploymentPostprocessing = 0;
		};
/* End PBXResourcesBuildPhase section */

/* Begin PBXSourcesBuildPhase section */
		CE0CA0122C6E2D31002227A3 /* Sources */ = {
			isa = PBXSourcesBuildPhase;
			buildActionMask = 2147483647;
			files = (
				CE0CA01E2C6E2D31002227A3 /* ReminderListViewController.swift in Sources */,
				CE0CA01A2C6E2D31002227A3 /* AppDelegate.swift in Sources */,
				CE0CA01C2C6E2D31002227A3 /* SceneDelegate.swift in Sources */,
				CE0CA0312C6E2FF0002227A3 /* Reminder.swift in Sources */,
				CEF017EE2C84B96100E7A7D9 /* ReminderListViewControllerActions.swift in Sources */,
				CEC8DC9D2C8751E3008BF694 /* ReminderViewController.swift in Sources */,
				CE7323A12C80C19F00D55951 /* DateToday.swift in Sources */,
				CEF017EB2C84B82800E7A7D9 /* ReminderDoneButton.swift in Sources */,
				CE7323A52C80CA6200D55951 /* ReminderListViewControllerDataSource.swift in Sources */,
			);
			runOnlyForDeploymentPostprocessing = 0;
		};
/* End PBXSourcesBuildPhase section */

/* Begin PBXVariantGroup section */
		CE0CA01F2C6E2D31002227A3 /* Main.storyboard */ = {
			isa = PBXVariantGroup;
			children = (
				CE0CA0202C6E2D31002227A3 /* Base */,
			);
			name = Main.storyboard;
			sourceTree = "<group>";
		};
		CE0CA0242C6E2D31002227A3 /* LaunchScreen.storyboard */ = {
			isa = PBXVariantGroup;
			children = (
				CE0CA0252C6E2D31002227A3 /* Base */,
			);
			name = LaunchScreen.storyboard;
			sourceTree = "<group>";
		};
/* End PBXVariantGroup section */

/* Begin XCBuildConfiguration section */
		CE0CA0282C6E2D31002227A3 /* Debug */ = {
			isa = XCBuildConfiguration;
			buildSettings = {
				ALWAYS_SEARCH_USER_PATHS = NO;
				ASSETCATALOG_COMPILER_GENERATE_SWIFT_ASSET_SYMBOL_EXTENSIONS = YES;
				CLANG_ANALYZER_NONNULL = YES;
				CLANG_ANALYZER_NUMBER_OBJECT_CONVERSION = YES_AGGRESSIVE;
				CLANG_CXX_LANGUAGE_STANDARD = "gnu++20";
				CLANG_ENABLE_MODULES = YES;
				CLANG_ENABLE_OBJC_ARC = YES;
				CLANG_ENABLE_OBJC_WEAK = YES;
				CLANG_WARN_BLOCK_CAPTURE_AUTORELEASING = YES;
				CLANG_WARN_BOOL_CONVERSION = YES;
				CLANG_WARN_COMMA = YES;
				CLANG_WARN_CONSTANT_CONVERSION = YES;
				CLANG_WARN_DEPRECATED_OBJC_IMPLEMENTATIONS = YES;
				CLANG_WARN_DIRECT_OBJC_ISA_USAGE = YES_ERROR;
				CLANG_WARN_DOCUMENTATION_COMMENTS = YES;
				CLANG_WARN_EMPTY_BODY = YES;
				CLANG_WARN_ENUM_CONVERSION = YES;
				CLANG_WARN_INFINITE_RECURSION = YES;
				CLANG_WARN_INT_CONVERSION = YES;
				CLANG_WARN_NON_LITERAL_NULL_CONVERSION = YES;
				CLANG_WARN_OBJC_IMPLICIT_RETAIN_SELF = YES;
				CLANG_WARN_OBJC_LITERAL_CONVERSION = YES;
				CLANG_WARN_OBJC_ROOT_CLASS = YES_ERROR;
				CLANG_WARN_QUOTED_INCLUDE_IN_FRAMEWORK_HEADER = YES;
				CLANG_WARN_RANGE_LOOP_ANALYSIS = YES;
				CLANG_WARN_STRICT_PROTOTYPES = YES;
				CLANG_WARN_SUSPICIOUS_MOVE = YES;
				CLANG_WARN_UNGUARDED_AVAILABILITY = YES_AGGRESSIVE;
				CLANG_WARN_UNREACHABLE_CODE = YES;
				CLANG_WARN__DUPLICATE_METHOD_MATCH = YES;
				COPY_PHASE_STRIP = NO;
				DEBUG_INFORMATION_FORMAT = dwarf;
				ENABLE_STRICT_OBJC_MSGSEND = YES;
				ENABLE_TESTABILITY = YES;
				ENABLE_USER_SCRIPT_SANDBOXING = YES;
				GCC_C_LANGUAGE_STANDARD = gnu17;
				GCC_DYNAMIC_NO_PIC = NO;
				GCC_NO_COMMON_BLOCKS = YES;
				GCC_OPTIMIZATION_LEVEL = 0;
				GCC_PREPROCESSOR_DEFINITIONS = (
					"DEBUG=1",
					"$(inherited)",
				);
				GCC_WARN_64_TO_32_BIT_CONVERSION = YES;
				GCC_WARN_ABOUT_RETURN_TYPE = YES_ERROR;
				GCC_WARN_UNDECLARED_SELECTOR = YES;
				GCC_WARN_UNINITIALIZED_AUTOS = YES_AGGRESSIVE;
				GCC_WARN_UNUSED_FUNCTION = YES;
				GCC_WARN_UNUSED_VARIABLE = YES;
				IPHONEOS_DEPLOYMENT_TARGET = 17.5;
				LOCALIZATION_PREFERS_STRING_CATALOGS = YES;
				MTL_ENABLE_DEBUG_INFO = INCLUDE_SOURCE;
				MTL_FAST_MATH = YES;
				ONLY_ACTIVE_ARCH = YES;
				SDKROOT = iphoneos;
				SWIFT_ACTIVE_COMPILATION_CONDITIONS = "DEBUG $(inherited)";
				SWIFT_OPTIMIZATION_LEVEL = "-Onone";
			};
			name = Debug;
		};
		CE0CA0292C6E2D31002227A3 /* Release */ = {
			isa = XCBuildConfiguration;
			buildSettings = {
				ALWAYS_SEARCH_USER_PATHS = NO;
				ASSETCATALOG_COMPILER_GENERATE_SWIFT_ASSET_SYMBOL_EXTENSIONS = YES;
				CLANG_ANALYZER_NONNULL = YES;
				CLANG_ANALYZER_NUMBER_OBJECT_CONVERSION = YES_AGGRESSIVE;
				CLANG_CXX_LANGUAGE_STANDARD = "gnu++20";
				CLANG_ENABLE_MODULES = YES;
				CLANG_ENABLE_OBJC_ARC = YES;
				CLANG_ENABLE_OBJC_WEAK = YES;
				CLANG_WARN_BLOCK_CAPTURE_AUTORELEASING = YES;
				CLANG_WARN_BOOL_CONVERSION = YES;
				CLANG_WARN_COMMA = YES;
				CLANG_WARN_CONSTANT_CONVERSION = YES;
				CLANG_WARN_DEPRECATED_OBJC_IMPLEMENTATIONS = YES;
				CLANG_WARN_DIRECT_OBJC_ISA_USAGE = YES_ERROR;
				CLANG_WARN_DOCUMENTATION_COMMENTS = YES;
				CLANG_WARN_EMPTY_BODY = YES;
				CLANG_WARN_ENUM_CONVERSION = YES;
				CLANG_WARN_INFINITE_RECURSION = YES;
				CLANG_WARN_INT_CONVERSION = YES;
				CLANG_WARN_NON_LITERAL_NULL_CONVERSION = YES;
				CLANG_WARN_OBJC_IMPLICIT_RETAIN_SELF = YES;
				CLANG_WARN_OBJC_LITERAL_CONVERSION = YES;
				CLANG_WARN_OBJC_ROOT_CLASS = YES_ERROR;
				CLANG_WARN_QUOTED_INCLUDE_IN_FRAMEWORK_HEADER = YES;
				CLANG_WARN_RANGE_LOOP_ANALYSIS = YES;
				CLANG_WARN_STRICT_PROTOTYPES = YES;
				CLANG_WARN_SUSPICIOUS_MOVE = YES;
				CLANG_WARN_UNGUARDED_AVAILABILITY = YES_AGGRESSIVE;
				CLANG_WARN_UNREACHABLE_CODE = YES;
				CLANG_WARN__DUPLICATE_METHOD_MATCH = YES;
				COPY_PHASE_STRIP = NO;
				DEBUG_INFORMATION_FORMAT = "dwarf-with-dsym";
				ENABLE_NS_ASSERTIONS = NO;
				ENABLE_STRICT_OBJC_MSGSEND = YES;
				ENABLE_USER_SCRIPT_SANDBOXING = YES;
				GCC_C_LANGUAGE_STANDARD = gnu17;
				GCC_NO_COMMON_BLOCKS = YES;
				GCC_WARN_64_TO_32_BIT_CONVERSION = YES;
				GCC_WARN_ABOUT_RETURN_TYPE = YES_ERROR;
				GCC_WARN_UNDECLARED_SELECTOR = YES;
				GCC_WARN_UNINITIALIZED_AUTOS = YES_AGGRESSIVE;
				GCC_WARN_UNUSED_FUNCTION = YES;
				GCC_WARN_UNUSED_VARIABLE = YES;
				IPHONEOS_DEPLOYMENT_TARGET = 17.5;
				LOCALIZATION_PREFERS_STRING_CATALOGS = YES;
				MTL_ENABLE_DEBUG_INFO = NO;
				MTL_FAST_MATH = YES;
				SDKROOT = iphoneos;
				SWIFT_COMPILATION_MODE = wholemodule;
				VALIDATE_PRODUCT = YES;
			};
			name = Release;
		};
		CE0CA02B2C6E2D31002227A3 /* Debug */ = {
			isa = XCBuildConfiguration;
			buildSettings = {
				ASSETCATALOG_COMPILER_APPICON_NAME = AppIcon;
				ASSETCATALOG_COMPILER_GLOBAL_ACCENT_COLOR_NAME = AccentColor;
				CODE_SIGN_STYLE = Automatic;
				CURRENT_PROJECT_VERSION = 1;
				DEVELOPMENT_TEAM = 42UF25M2U8;
				GENERATE_INFOPLIST_FILE = YES;
				INFOPLIST_FILE = Today/Info.plist;
				INFOPLIST_KEY_UIApplicationSupportsIndirectInputEvents = YES;
				INFOPLIST_KEY_UILaunchStoryboardName = LaunchScreen;
				INFOPLIST_KEY_UIMainStoryboardFile = Main;
				INFOPLIST_KEY_UISupportedInterfaceOrientations_iPad = "UIInterfaceOrientationPortrait UIInterfaceOrientationPortraitUpsideDown UIInterfaceOrientationLandscapeLeft UIInterfaceOrientationLandscapeRight";
				INFOPLIST_KEY_UISupportedInterfaceOrientations_iPhone = "UIInterfaceOrientationPortrait UIInterfaceOrientationLandscapeLeft UIInterfaceOrientationLandscapeRight";
				LD_RUNPATH_SEARCH_PATHS = (
					"$(inherited)",
					"@executable_path/Frameworks",
				);
				MARKETING_VERSION = 1.0;
				PRODUCT_BUNDLE_IDENTIFIER = zwill.Today;
				PRODUCT_NAME = "$(TARGET_NAME)";
				SWIFT_EMIT_LOC_STRINGS = YES;
				SWIFT_VERSION = 5.0;
				TARGETED_DEVICE_FAMILY = "1,2";
			};
			name = Debug;
		};
		CE0CA02C2C6E2D31002227A3 /* Release */ = {
			isa = XCBuildConfiguration;
			buildSettings = {
				ASSETCATALOG_COMPILER_APPICON_NAME = AppIcon;
				ASSETCATALOG_COMPILER_GLOBAL_ACCENT_COLOR_NAME = AccentColor;
				CODE_SIGN_STYLE = Automatic;
				CURRENT_PROJECT_VERSION = 1;
				DEVELOPMENT_TEAM = 42UF25M2U8;
				GENERATE_INFOPLIST_FILE = YES;
				INFOPLIST_FILE = Today/Info.plist;
				INFOPLIST_KEY_UIApplicationSupportsIndirectInputEvents = YES;
				INFOPLIST_KEY_UILaunchStoryboardName = LaunchScreen;
				INFOPLIST_KEY_UIMainStoryboardFile = Main;
				INFOPLIST_KEY_UISupportedInterfaceOrientations_iPad = "UIInterfaceOrientationPortrait UIInterfaceOrientationPortraitUpsideDown UIInterfaceOrientationLandscapeLeft UIInterfaceOrientationLandscapeRight";
				INFOPLIST_KEY_UISupportedInterfaceOrientations_iPhone = "UIInterfaceOrientationPortrait UIInterfaceOrientationLandscapeLeft UIInterfaceOrientationLandscapeRight";
				LD_RUNPATH_SEARCH_PATHS = (
					"$(inherited)",
					"@executable_path/Frameworks",
				);
				MARKETING_VERSION = 1.0;
				PRODUCT_BUNDLE_IDENTIFIER = zwill.Today;
				PRODUCT_NAME = "$(TARGET_NAME)";
				SWIFT_EMIT_LOC_STRINGS = YES;
				SWIFT_VERSION = 5.0;
				TARGETED_DEVICE_FAMILY = "1,2";
			};
			name = Release;
		};
/* End XCBuildConfiguration section */

/* Begin XCConfigurationList section */
		CE0CA0112C6E2D31002227A3 /* Build configuration list for PBXProject "Today" */ = {
			isa = XCConfigurationList;
			buildConfigurations = (
				CE0CA0282C6E2D31002227A3 /* Debug */,
				CE0CA0292C6E2D31002227A3 /* Release */,
			);
			defaultConfigurationIsVisible = 0;
			defaultConfigurationName = Release;
		};
		CE0CA02A2C6E2D31002227A3 /* Build configuration list for PBXNativeTarget "Today" */ = {
			isa = XCConfigurationList;
			buildConfigurations = (
				CE0CA02B2C6E2D31002227A3 /* Debug */,
				CE0CA02C2C6E2D31002227A3 /* Release */,
			);
			defaultConfigurationIsVisible = 0;
			defaultConfigurationName = Release;
		};
/* End XCConfigurationList section */
	};
	rootObject = CE0CA00E2C6E2D31002227A3 /* Project object */;
}
